{
  "requires": true,
  "lockfileVersion": 1,
  "dependencies": {
    "@ng-bootstrap/ng-bootstrap": {
      "version": "2.2.2",
      "resolved": "https://registry.npmjs.org/@ng-bootstrap/ng-bootstrap/-/ng-bootstrap-2.2.2.tgz",
      "integrity": "sha512-uqngK1urcevQeF+zgoGW1XDnasjoob4QrwhynNUFpDnnplP1wa+BEUjpSccxU+L2dHLfrOb2sPGEGp8cE2X3Iw=="
    }
  }
}
